# THIS IS AN AUTOGENERATED FILE. DO NOT EDIT THIS FILE DIRECTLY.
# yarn lockfile v1


gpt-tokenizer@^1.0.3:
  version "1.0.3"
  resolved "https://registry.yarnpkg.com/gpt-tokenizer/-/gpt-tokenizer-1.0.3.tgz#2a9325fc3e125a39308c4a386fea003c519b62aa"
  integrity sha512-Ai0FlpRUVVLO8lW4XpuVM3wDaAWjvRr1i0P5tfpSX3pGKGPulwaHykjxdum8dbmYNsob5YvNDMwuS34Aj597cw==
